{
  "lockfileVersion": 1,
  "workspaces": {
    "": {
      "name": "duru",
      "devDependencies": {
        "@biomejs/biome": "^1.9.4",
        "@types/bun": "latest",
      },
    },
    "apps/cli": {
      "name": "duru",
      "version": "0.0.0",
      "bin": {
        "duru": "./src/main.ts",
      },
      "dependencies": {
        "@duru/auth": "workspace:*",
        "@duru/cli-gateway": "workspace:*",
        "@duru/cli-kit": "workspace:*",
        "@duru/completion-zsh": "workspace:*",
        "@duru/env": "workspace:*",
        "@duru/file-store": "workspace:*",
        "@duru/plugin-manage": "workspace:*",
        "@duru/renderer-json": "workspace:*",
        "@duru/renderer-text": "workspace:*",
      },
    },
    "core/cli": {
      "name": "@duru/cli-kit",
      "version": "0.0.0",
    },
    "packages/auth": {
      "name": "@duru/auth",
      "version": "0.0.0",
    },
    "packages/cli-gateway": {
      "name": "@duru/cli-gateway",
      "version": "0.0.0",
      "dependencies": {
        "@duru/cli-kit": "workspace:*",
      },
    },
    "packages/completion-zsh": {
      "name": "@duru/completion-zsh",
      "version": "0.0.0",
      "dependencies": {
        "@duru/cli-kit": "workspace:*",
      },
    },
    "packages/env": {
      "name": "@duru/env",
      "version": "0.0.0",
      "dependencies": {
        "@duru/cli-kit": "workspace:*",
      },
      "devDependencies": {
        "@duru/input-validation": "workspace:*",
        "zod": "^4.0.0",
      },
    },
    "packages/file-store": {
      "name": "@duru/file-store",
      "version": "0.0.0",
    },
    "packages/input-validation": {
      "name": "@duru/input-validation",
      "version": "0.0.0",
      "dependencies": {
        "@duru/cli-kit": "workspace:*",
      },
      "devDependencies": {
        "zod": "^4.0.0",
      },
    },
    "packages/plugin-manage": {
      "name": "@duru/plugin-manage",
      "version": "0.0.0",
      "dependencies": {
        "@clack/prompts": "^1.4.0",
        "@duru/cli-kit": "workspace:*",
      },
    },
    "packages/renderer-json": {
      "name": "@duru/renderer-json",
      "version": "0.0.0",
      "dependencies": {
        "@duru/cli-kit": "workspace:*",
      },
    },
    "packages/renderer-text": {
      "name": "@duru/renderer-text",
      "version": "0.0.0",
      "dependencies": {
        "@duru/cli-kit": "workspace:*",
      },
    },
    "packages/virtual-plugins": {
      "name": "@duru/virtual-plugins",
      "version": "0.0.0",
      "dependencies": {
        "@duru/cli-kit": "workspace:*",
      },
    },
    "plugins/context-mode": {
      "name": "@duru/plugin-context-mode",
      "version": "0.0.0",
      "dependencies": {
        "@duru/cli-kit": "workspace:*",
        "@duru/file-store": "workspace:*",
        "@duru/virtual-plugins": "workspace:*",
      },
    },
  },
  "packages": {
    "@biomejs/biome": ["@biomejs/biome@1.9.4", "", { "optionalDependencies": { "@biomejs/cli-darwin-arm64": "1.9.4", "@biomejs/cli-darwin-x64": "1.9.4", "@biomejs/cli-linux-arm64": "1.9.4", "@biomejs/cli-linux-arm64-musl": "1.9.4", "@biomejs/cli-linux-x64": "1.9.4", "@biomejs/cli-linux-x64-musl": "1.9.4", "@biomejs/cli-win32-arm64": "1.9.4", "@biomejs/cli-win32-x64": "1.9.4" }, "bin": { "biome": "bin/biome" } }, "sha512-1rkd7G70+o9KkTn5KLmDYXihGoTaIGO9PIIN2ZB7UJxFrWw04CZHPYiMRjYsaDvVV7hP1dYNRLxSANLaBFGpog=="],

    "@biomejs/cli-darwin-arm64": ["@biomejs/cli-darwin-arm64@1.9.4", "", { "os": "darwin", "cpu": "arm64" }, "sha512-bFBsPWrNvkdKrNCYeAp+xo2HecOGPAy9WyNyB/jKnnedgzl4W4Hb9ZMzYNbf8dMCGmUdSavlYHiR01QaYR58cw=="],

    "@biomejs/cli-darwin-x64": ["@biomejs/cli-darwin-x64@1.9.4", "", { "os": "darwin", "cpu": "x64" }, "sha512-ngYBh/+bEedqkSevPVhLP4QfVPCpb+4BBe2p7Xs32dBgs7rh9nY2AIYUL6BgLw1JVXV8GlpKmb/hNiuIxfPfZg=="],

    "@biomejs/cli-linux-arm64": ["@biomejs/cli-linux-arm64@1.9.4", "", { "os": "linux", "cpu": "arm64" }, "sha512-fJIW0+LYujdjUgJJuwesP4EjIBl/N/TcOX3IvIHJQNsAqvV2CHIogsmA94BPG6jZATS4Hi+xv4SkBBQSt1N4/g=="],

    "@biomejs/cli-linux-arm64-musl": ["@biomejs/cli-linux-arm64-musl@1.9.4", "", { "os": "linux", "cpu": "arm64" }, "sha512-v665Ct9WCRjGa8+kTr0CzApU0+XXtRgwmzIf1SeKSGAv+2scAlW6JR5PMFo6FzqqZ64Po79cKODKf3/AAmECqA=="],

    "@biomejs/cli-linux-x64": ["@biomejs/cli-linux-x64@1.9.4", "", { "os": "linux", "cpu": "x64" }, "sha512-lRCJv/Vi3Vlwmbd6K+oQ0KhLHMAysN8lXoCI7XeHlxaajk06u7G+UsFSO01NAs5iYuWKmVZjmiOzJ0OJmGsMwg=="],

    "@biomejs/cli-linux-x64-musl": ["@biomejs/cli-linux-x64-musl@1.9.4", "", { "os": "linux", "cpu": "x64" }, "sha512-gEhi/jSBhZ2m6wjV530Yy8+fNqG8PAinM3oV7CyO+6c3CEh16Eizm21uHVsyVBEB6RIM8JHIl6AGYCv6Q6Q9Tg=="],

    "@biomejs/cli-win32-arm64": ["@biomejs/cli-win32-arm64@1.9.4", "", { "os": "win32", "cpu": "arm64" }, "sha512-tlbhLk+WXZmgwoIKwHIHEBZUwxml7bRJgk0X2sPyNR3S93cdRq6XulAZRQJ17FYGGzWne0fgrXBKpl7l4M87Hg=="],

    "@biomejs/cli-win32-x64": ["@biomejs/cli-win32-x64@1.9.4", "", { "os": "win32", "cpu": "x64" }, "sha512-8Y5wMhVIPaWe6jw2H+KlEm4wP/f7EW3810ZLmDlrEEy5KvBsb9ECEfu/kMWD484ijfQ8+nIi0giMgu9g1UAuuA=="],

    "@clack/core": ["@clack/core@1.3.1", "https://npm-registry-proxy.kr.wekarrot.net/@clack/core/-/core-1.3.1.tgz", { "dependencies": { "fast-wrap-ansi": "^0.2.0", "sisteransi": "^1.0.5" } }, "sha512-fT1qHVGAag4IEkrupZ6lRRbNCs1vS9P01KB/sG8zKgvUztbYtFBtQpjSITNwooDZ83tpsPzP0mRNs1/KVszCRA=="],

    "@clack/prompts": ["@clack/prompts@1.4.0", "https://npm-registry-proxy.kr.wekarrot.net/@clack/prompts/-/prompts-1.4.0.tgz", { "dependencies": { "@clack/core": "1.3.1", "fast-string-width": "^3.0.2", "fast-wrap-ansi": "^0.2.0", "sisteransi": "^1.0.5" } }, "sha512-S0My7XPGIgpRWMDG8uRqalbgT+a6FmCUdOW+HaIOVVpUPHOb7RrpvjTjiODadKp06fsrVDJZlIzc6yCTp4AnxA=="],

    "@duru/auth": ["@duru/auth@workspace:packages/auth"],

    "@duru/cli-gateway": ["@duru/cli-gateway@workspace:packages/cli-gateway"],

    "@duru/cli-kit": ["@duru/cli-kit@workspace:core/cli"],

    "@duru/completion-zsh": ["@duru/completion-zsh@workspace:packages/completion-zsh"],

    "@duru/env": ["@duru/env@workspace:packages/env"],

    "@duru/file-store": ["@duru/file-store@workspace:packages/file-store"],

    "@duru/input-validation": ["@duru/input-validation@workspace:packages/input-validation"],

    "@duru/plugin-context-mode": ["@duru/plugin-context-mode@workspace:plugins/context-mode"],

    "@duru/plugin-manage": ["@duru/plugin-manage@workspace:packages/plugin-manage"],

    "@duru/renderer-json": ["@duru/renderer-json@workspace:packages/renderer-json"],

    "@duru/renderer-text": ["@duru/renderer-text@workspace:packages/renderer-text"],

    "@duru/virtual-plugins": ["@duru/virtual-plugins@workspace:packages/virtual-plugins"],

    "@types/bun": ["@types/bun@1.3.12", "", { "dependencies": { "bun-types": "1.3.12" } }, "sha512-DBv81elK+/VSwXHDlnH3Qduw+KxkTIWi7TXkAeh24zpi5l0B2kUg9Ga3tb4nJaPcOFswflgi/yAvMVBPrxMB+A=="],

    "@types/node": ["@types/node@25.6.0", "", { "dependencies": { "undici-types": "~7.19.0" } }, "sha512-+qIYRKdNYJwY3vRCZMdJbPLJAtGjQBudzZzdzwQYkEPQd+PJGixUL5QfvCLDaULoLv+RhT3LDkwEfKaAkgSmNQ=="],

    "bun-types": ["bun-types@1.3.12", "", { "dependencies": { "@types/node": "*" } }, "sha512-HqOLj5PoFajAQciOMRiIZGNoKxDJSr6qigAttOX40vJuSp6DN/CxWp9s3C1Xwm4oH7ybueITwiaOcWXoYVoRkA=="],

    "duru": ["duru@workspace:apps/cli"],

    "fast-string-truncated-width": ["fast-string-truncated-width@3.0.3", "https://npm-registry-proxy.kr.wekarrot.net/fast-string-truncated-width/-/fast-string-truncated-width-3.0.3.tgz", {}, "sha512-0jjjIEL6+0jag3l2XWWizO64/aZVtpiGE3t0Zgqxv0DPuxiMjvB3M24fCyhZUO4KomJQPj3LTSUnDP3GpdwC0g=="],

    "fast-string-width": ["fast-string-width@3.0.2", "https://npm-registry-proxy.kr.wekarrot.net/fast-string-width/-/fast-string-width-3.0.2.tgz", { "dependencies": { "fast-string-truncated-width": "^3.0.2" } }, "sha512-gX8LrtNEI5hq8DVUfRQMbr5lpaS4nMIWV+7XEbXk2b8kiQIizgnlr12B4dA3ZEx3308ze0O4Q1R+cHts8kyUJg=="],

    "fast-wrap-ansi": ["fast-wrap-ansi@0.2.2", "https://npm-registry-proxy.kr.wekarrot.net/fast-wrap-ansi/-/fast-wrap-ansi-0.2.2.tgz", { "dependencies": { "fast-string-width": "^3.0.2" } }, "sha512-7F2Fl+TjRSenLqlU3UjSH0iyqopqoZIu7eZVpEirP2g1GtWa2G/ecEmBdgz31+Mxr+ELclgg6sokpSFIQiZ02Q=="],

    "sisteransi": ["sisteransi@1.0.5", "https://npm-registry-proxy.kr.wekarrot.net/sisteransi/-/sisteransi-1.0.5.tgz", {}, "sha512-bLGGlR1QxBcynn2d5YmDX4MGjlZvy2MRBDRNHLJ8VI6l6+9FUiyTFNJ0IveOSP0bcXgVDPRcfGqA0pjaqUpfVg=="],

    "undici-types": ["undici-types@7.19.2", "", {}, "sha512-qYVnV5OEm2AW8cJMCpdV20CDyaN3g0AjDlOGf1OW4iaDEx8MwdtChUp4zu4H0VP3nDRF/8RKWH+IPp9uW0YGZg=="],

    "zod": ["zod@4.4.3", "", {}, "sha512-ytENFjIJFl2UwYglde2jchW2Hwm4GJFLDiSXWdTrJQBIN9Fcyp7n4DhxJEiWNAJMV1/BqWfW/kkg71UDcHJyTQ=="],
  }
}
